
Microsoft Visual Studio Solution File, Format Version 12.00
# Visual Studio Version 17
VisualStudioVersion = 17.6.33815.320
MinimumVisualStudioVersion = 10.0.40219.1
Project("{FAE04EC0-301F-11D3-BF4B-00C04F79EFBC}") = "eCommerce.API", "eCommerce.API\eCommerce.API.csproj", "{F33E6BEC-3BB5-41B5-9E61-2D1B117DA470}"
EndProject
Project("{FAE04EC0-301F-11D3-BF4B-00C04F79EFBC}") = "eCommerce.Models", "eCommerce.Models\eCommerce.Models.csproj", "{2D0A0E7F-7C17-44D0-A3EC-3E980930C740}"
EndProject
Global
	GlobalSection(SolutionConfigurationPlatforms) = preSolution
		Debug|Any CPU = Debug|Any CPU
		Release|Any CPU = Release|Any CPU
	EndGlobalSection
	GlobalSection(ProjectConfigurationPlatforms) = postSolution
		{F33E6BEC-3BB5-41B5-9E61-2D1B117DA470}.Debug|Any CPU.ActiveCfg = Debug|Any CPU
		{F33E6BEC-3BB5-41B5-9E61-2D1B117DA470}.Debug|Any CPU.Build.0 = Debug|Any CPU
		{F33E6BEC-3BB5-41B5-9E61-2D1B117DA470}.Release|Any CPU.ActiveCfg = Release|Any CPU
		{F33E6BEC-3BB5-41B5-9E61-2D1B117DA470}.Release|Any CPU.Build.0 = Release|Any CPU
		{2D0A0E7F-7C17-44D0-A3EC-3E980930C740}.Debug|Any CPU.ActiveCfg = Debug|Any CPU
		{2D0A0E7F-7C17-44D0-A3EC-3E980930C740}.Debug|Any CPU.Build.0 = Debug|Any CPU
		{2D0A0E7F-7C17-44D0-A3EC-3E980930C740}.Release|Any CPU.ActiveCfg = Release|Any CPU
		{2D0A0E7F-7C17-44D0-A3EC-3E980930C740}.Release|Any CPU.Build.0 = Release|Any CPU
	EndGlobalSection
	GlobalSection(SolutionProperties) = preSolution
		HideSolutionNode = FALSE
	EndGlobalSection
	GlobalSection(ExtensibilityGlobals) = postSolution
		SolutionGuid = {CB87A068-0890-416D-BE7E-B9C646A29C2D}
	EndGlobalSection
EndGlobal
